#
# This file is autogenerated by pip-compile with Python 3.12
# by the following command:
#
#    pip-compile --extra=dev --output-file=requirements-dev.lock pyproject.toml
#
annotated-types==0.7.0
    # via pydantic
coverage[toml]==7.6.9
    # via pytest-cov
et-xmlfile==1.1.0
    # via openpyxl
iniconfig==2.0.0
    # via pytest
mypy==1.13.0
    # via travel-plan-permission (pyproject.toml)
mypy-extensions==1.0.0
    # via mypy
packaging==24.2
    # via pytest
pluggy==1.5.0
    # via pytest
openpyxl==3.1.5
    # via travel-plan-permission (pyproject.toml)
pydantic==2.10.4
    # via travel-plan-permission (pyproject.toml)
pydantic-core==2.27.2
    # via pydantic
pytest==8.3.4
    # via
    #   pytest-cov
    #   travel-plan-permission (pyproject.toml)
pytest-cov==6.0.0
    # via travel-plan-permission (pyproject.toml)
pyyaml==6.0.3
    # via travel-plan-permission (pyproject.toml)
ruff==0.8.4
    # via travel-plan-permission (pyproject.toml)
types-pyyaml==6.0.12.20250915
    # via travel-plan-permission (pyproject.toml)
typing-extensions==4.12.2
    # via
    #   mypy
    #   pydantic
    #   pydantic-core
