# This file was autogenerated by uv via the following command:
#    uv pip compile pyproject.toml --extra dev --extra ocr --universal --output-file requirements.lock
annotated-types==0.7.0
    # via pydantic
charset-normalizer==3.4.4
    # via reportlab
colorama==0.4.6 ; sys_platform == 'win32'
    # via pytest
coverage==7.13.1
    # via pytest-cov
et-xmlfile==1.1.0
    # via openpyxl
iniconfig==2.3.0
    # via pytest
jinja2==3.1.6
    # via travel-plan-permission (pyproject.toml)
librt==0.7.7 ; platform_python_implementation != 'PyPy'
    # via mypy
markupsafe==3.0.3
    # via jinja2
mypy==1.19.1
    # via travel-plan-permission (pyproject.toml)
mypy-extensions==1.1.0
    # via mypy
openpyxl==3.1.5
    # via travel-plan-permission (pyproject.toml)
packaging==25.0
    # via
    #   pytesseract
    #   pytest
pathspec==0.12.1
    # via mypy
pillow==12.0.0
    # via
    #   travel-plan-permission (pyproject.toml)
    #   pytesseract
    #   reportlab
pluggy==1.6.0
    # via
    #   pytest
    #   pytest-cov
pydantic==2.10.4
    # via travel-plan-permission (pyproject.toml)
pydantic-core==2.27.2
    # via pydantic
pygments==2.19.2
    # via pytest
pytesseract==0.3.13
    # via travel-plan-permission (pyproject.toml)
pytest==9.0.2
    # via
    #   travel-plan-permission (pyproject.toml)
    #   pytest-cov
pytest-cov==7.0.0
    # via travel-plan-permission (pyproject.toml)
pyyaml==6.0.3
    # via travel-plan-permission (pyproject.toml)
reportlab==4.4.7
    # via travel-plan-permission (pyproject.toml)
ruff==0.14.10
    # via travel-plan-permission (pyproject.toml)
types-pyyaml==6.0.12.20250915
    # via travel-plan-permission (pyproject.toml)
typing-extensions==4.12.2
    # via
    #   mypy
    #   pydantic
    #   pydantic-core
