# This file was autogenerated by uv via the following command:
#    uv pip compile pyproject.toml --extra dev --extra ocr --extra orchestration --universal --output-file requirements.lock
annotated-types==0.7.0
    # via pydantic
anyio==4.12.1
    # via httpx
black==26.1.0
    # via travel-plan-permission (pyproject.toml)
certifi==2026.1.4
    # via
    #   httpcore
    #   httpx
    #   requests
charset-normalizer==3.4.4
    # via
    #   reportlab
    #   requests
click==8.3.1
    # via black
colorama==0.4.6 ; sys_platform == 'win32'
    # via
    #   click
    #   pytest
coverage==7.13.1
    # via pytest-cov
et-xmlfile==1.1.0
    # via openpyxl
h11==0.16.0
    # via httpcore
httpcore==1.0.9
    # via httpx
httpx==0.28.1
    # via
    #   langgraph-sdk
    #   langsmith
hypothesis==6.150.0
    # via travel-plan-permission (pyproject.toml)
idna==3.11
    # via
    #   anyio
    #   httpx
    #   requests
iniconfig==2.3.0
    # via pytest
jinja2==3.1.6
    # via travel-plan-permission (pyproject.toml)
jsonpatch==1.33
    # via langchain-core
jsonpointer==3.0.0
    # via jsonpatch
langchain-core==1.2.7
    # via
    #   langgraph
    #   langgraph-checkpoint
    #   langgraph-prebuilt
langgraph==1.0.5
    # via travel-plan-permission (pyproject.toml)
langgraph-checkpoint==3.0.1
    # via
    #   langgraph
    #   langgraph-prebuilt
langgraph-prebuilt==1.0.5
    # via langgraph
langgraph-sdk==0.3.1
    # via langgraph
langsmith==0.6.2
    # via langchain-core
librt==0.7.7 ; platform_python_implementation != 'PyPy'
    # via mypy
markupsafe==3.0.3
    # via jinja2
mypy==1.19.1
    # via travel-plan-permission (pyproject.toml)
mypy-extensions==1.1.0
    # via
    #   black
    #   mypy
numpy==2.4.0
    # via
    #   travel-plan-permission (pyproject.toml)
    #   pandas
openpyxl==3.1.5
    # via travel-plan-permission (pyproject.toml)
orjson==3.11.5
    # via
    #   langgraph-sdk
    #   langsmith
ormsgpack==1.12.1
    # via langgraph-checkpoint
packaging==25.0
    # via
    #   travel-plan-permission (pyproject.toml)
    #   black
    #   langchain-core
    #   langsmith
    #   pytesseract
    #   pytest
pandas==2.3.3
    # via travel-plan-permission (pyproject.toml)
pathspec==1.0.3
    # via
    #   black
    #   mypy
pillow==12.0.0
    # via
    #   travel-plan-permission (pyproject.toml)
    #   pytesseract
    #   reportlab
platformdirs==4.5.1
    # via black
pluggy==1.6.0
    # via
    #   pytest
    #   pytest-cov
pyarrow==22.0.0
    # via travel-plan-permission (pyproject.toml)
pydantic==2.10.4
    # via
    #   travel-plan-permission (pyproject.toml)
    #   langchain-core
    #   langgraph
    #   langsmith
pydantic-core==2.27.2
    # via pydantic
pygments==2.19.2
    # via pytest
pytesseract==0.3.13
    # via travel-plan-permission (pyproject.toml)
pytest==9.0.2
    # via
    #   travel-plan-permission (pyproject.toml)
    #   pytest-cov
pytest-cov==7.0.0
    # via travel-plan-permission (pyproject.toml)
python-dateutil==2.9.0.post0
    # via pandas
pytokens==0.3.0
    # via black
pytz==2025.2
    # via pandas
pyyaml==6.0.3
    # via
    #   travel-plan-permission (pyproject.toml)
    #   langchain-core
reportlab==4.4.7
    # via travel-plan-permission (pyproject.toml)
requests==2.32.5
    # via
    #   langsmith
    #   requests-toolbelt
requests-toolbelt==1.0.0
    # via langsmith
ruff==0.15.1
    # via travel-plan-permission (pyproject.toml)
six==1.17.0
    # via python-dateutil
sortedcontainers==2.4.0
    # via hypothesis
tenacity==9.1.2
    # via langchain-core
tomli==2.4.0 ; python_full_version <= '3.11'
    # via coverage
types-pyyaml==6.0.12.20250915
    # via travel-plan-permission (pyproject.toml)
typing-extensions==4.12.2
    # via
    #   anyio
    #   langchain-core
    #   mypy
    #   pydantic
    #   pydantic-core
tzdata==2025.3
    # via pandas
urllib3==2.6.3
    # via requests
uuid-utils==0.13.0
    # via
    #   langchain-core
    #   langsmith
xxhash==3.6.0
    # via langgraph
zstandard==0.25.0
    # via langsmith
