# This file was autogenerated by uv via the following command:
#    uv pip compile pyproject.toml --extra dev -o requirements-dev.lock
annotated-types==0.7.0
    # via pydantic
charset-normalizer==3.4.4
    # via reportlab
coverage==7.6.9
    # via pytest-cov
et-xmlfile==1.1.0
    # via openpyxl
iniconfig==2.0.0
    # via pytest
jinja2==3.1.6
    # via travel-plan-permission (pyproject.toml)
markupsafe==3.0.3
    # via jinja2
mypy==1.13.0
    # via travel-plan-permission (pyproject.toml)
mypy-extensions==1.0.0
    # via mypy
openpyxl==3.1.5
    # via travel-plan-permission (pyproject.toml)
packaging==24.2
    # via pytest
pillow==12.0.0
    # via reportlab
pluggy==1.5.0
    # via pytest
pydantic==2.10.4
    # via travel-plan-permission (pyproject.toml)
pydantic-core==2.27.2
    # via pydantic
pytest==8.3.4
    # via
    #   travel-plan-permission (pyproject.toml)
    #   pytest-cov
pytest-cov==6.0.0
    # via travel-plan-permission (pyproject.toml)
pyyaml==6.0.3
    # via travel-plan-permission (pyproject.toml)
reportlab==4.4.7
    # via travel-plan-permission (pyproject.toml)
ruff==0.8.4
    # via travel-plan-permission (pyproject.toml)
types-pyyaml==6.0.12.20250915
    # via travel-plan-permission (pyproject.toml)
typing-extensions==4.12.2
    # via
    #   mypy
    #   pydantic
    #   pydantic-core
